{
  "name": "example",
  "version": "0.0.0",
  "lockfileVersion": 2,
  "requires": true,
  "packages": {
    "": {
      "name": "example",
      "version": "0.0.0",
      "dependencies": {
        "@awesomeorganization/syslog": ".."
      }
    },
    "..": {
      "version": "1.1.0",
      "license": "MIT",
      "devDependencies": {
        "@awesomeorganization/servers": "1.1.0",
        "eslint-config-prettier": "8.3.0",
        "eslint-plugin-node": "11.1.0"
      }
    },
    "node_modules/@awesomeorganization/syslog": {
      "resolved": "..",
      "link": true
    }
  },
  "dependencies": {
    "@awesomeorganization/syslog": {
      "version": "file:..",
      "requires": {
        "@awesomeorganization/servers": "1.1.0",
        "eslint-config-prettier": "8.3.0",
        "eslint-plugin-node": "11.1.0"
      }
    }
  }
}
