{
  "name": "example",
  "version": "0.0.0",
  "lockfileVersion": 1,
  "requires": true,
  "dependencies": {
    "@awesomeorganization/syslog": {
      "version": "0.3.0",
      "resolved": "https://registry.npmjs.org/@awesomeorganization/syslog/-/syslog-0.3.0.tgz",
      "integrity": "sha512-JE6V5x7c5uqRIEw24xk1VWVXzxvWAFeYMjk6CmOFwCn4Hjmh7nwldUro5LsPSemUnsN2HL0hAhTgknXFEXzn/w=="
    }
  }
}
